
Microsoft Visual Studio Solution File, Format Version 12.00
# Visual Studio Version 17
VisualStudioVersion = 17.8.34322.80
MinimumVisualStudioVersion = 10.0.40219.1
Project("{FAE04EC0-301F-11D3-BF4B-00C04F79EFBC}") = "DeathShovel", "DeathShovel.csproj", "{ED49B4F9-DC97-411A-B2BC-EF6EC7F89BC8}"
EndProject
Global
	GlobalSection(SolutionConfigurationPlatforms) = preSolution
		Debug|Any CPU = Debug|Any CPU
		Release|Any CPU = Release|Any CPU
	EndGlobalSection
	GlobalSection(ProjectConfigurationPlatforms) = postSolution
		{ED49B4F9-DC97-411A-B2BC-EF6EC7F89BC8}.Debug|Any CPU.ActiveCfg = Debug|Any CPU
		{ED49B4F9-DC97-411A-B2BC-EF6EC7F89BC8}.Debug|Any CPU.Build.0 = Debug|Any CPU
		{ED49B4F9-DC97-411A-B2BC-EF6EC7F89BC8}.Release|Any CPU.ActiveCfg = Release|Any CPU
		{ED49B4F9-DC97-411A-B2BC-EF6EC7F89BC8}.Release|Any CPU.Build.0 = Release|Any CPU
	EndGlobalSection
	GlobalSection(SolutionProperties) = preSolution
		HideSolutionNode = FALSE
	EndGlobalSection
	GlobalSection(ExtensibilityGlobals) = postSolution
		SolutionGuid = {8CA7C0DF-90FB-4384-889A-9A090C8A393E}
	EndGlobalSection
EndGlobal
